
Microsoft Visual Studio Solution File, Format Version 12.00
# Visual Studio 2015
Project("{FAE04EC0-301F-11D3-BF4B-00C04F79EFBC}") = "battlesheep.CSharp.Plugins", "battlesheep.CSharp.Plugins.csproj", "{8DD2C93F-1B38-3A9E-1DCB-57D8A8263EF6}"
EndProject
Project("{FAE04EC0-301F-11D3-BF4B-00C04F79EFBC}") = "battlesheep.CSharp", "battlesheep.CSharp.csproj", "{E69436B2-6C69-F9B3-A599-1C57FE70F5EA}"
EndProject
Project("{FAE04EC0-301F-11D3-BF4B-00C04F79EFBC}") = "battlesheep.CSharp.Editor", "battlesheep.CSharp.Editor.csproj", "{ABF70779-6CF5-0A31-B244-C9682EC685B0}"
EndProject
Global
	GlobalSection(SolutionConfigurationPlatforms) = preSolution
		Debug|Any CPU = Debug|Any CPU
		Release|Any CPU = Release|Any CPU
	EndGlobalSection
	GlobalSection(ProjectConfigurationPlatforms) = postSolution
		{8DD2C93F-1B38-3A9E-1DCB-57D8A8263EF6}.Debug|Any CPU.ActiveCfg = Debug|Any CPU
		{8DD2C93F-1B38-3A9E-1DCB-57D8A8263EF6}.Debug|Any CPU.Build.0 = Debug|Any CPU
		{8DD2C93F-1B38-3A9E-1DCB-57D8A8263EF6}.Release|Any CPU.ActiveCfg = Release|Any CPU
		{8DD2C93F-1B38-3A9E-1DCB-57D8A8263EF6}.Release|Any CPU.Build.0 = Release|Any CPU
		{E69436B2-6C69-F9B3-A599-1C57FE70F5EA}.Debug|Any CPU.ActiveCfg = Debug|Any CPU
		{E69436B2-6C69-F9B3-A599-1C57FE70F5EA}.Debug|Any CPU.Build.0 = Debug|Any CPU
		{E69436B2-6C69-F9B3-A599-1C57FE70F5EA}.Release|Any CPU.ActiveCfg = Release|Any CPU
		{E69436B2-6C69-F9B3-A599-1C57FE70F5EA}.Release|Any CPU.Build.0 = Release|Any CPU
		{ABF70779-6CF5-0A31-B244-C9682EC685B0}.Debug|Any CPU.ActiveCfg = Debug|Any CPU
		{ABF70779-6CF5-0A31-B244-C9682EC685B0}.Debug|Any CPU.Build.0 = Debug|Any CPU
		{ABF70779-6CF5-0A31-B244-C9682EC685B0}.Release|Any CPU.ActiveCfg = Release|Any CPU
		{ABF70779-6CF5-0A31-B244-C9682EC685B0}.Release|Any CPU.Build.0 = Release|Any CPU
	EndGlobalSection
	GlobalSection(SolutionProperties) = preSolution
		HideSolutionNode = FALSE
	EndGlobalSection
EndGlobal
