
Microsoft Visual Studio Solution File, Format Version 12.00
# Visual Studio 2015
Project("{FAE04EC0-301F-11D3-BF4B-00C04F79EFBC}") = "new-battlesheep.CSharp", "new-battlesheep.CSharp.csproj", "{3085A5BD-E993-3C8C-D983-98EBA52980DE}"
EndProject
Project("{FAE04EC0-301F-11D3-BF4B-00C04F79EFBC}") = "new-battlesheep.CSharp.Editor", "new-battlesheep.CSharp.Editor.csproj", "{315810AD-06A1-C71E-BC2F-A1B3E47F0A72}"
EndProject
Global
	GlobalSection(SolutionConfigurationPlatforms) = preSolution
		Debug|Any CPU = Debug|Any CPU
		Release|Any CPU = Release|Any CPU
	EndGlobalSection
	GlobalSection(ProjectConfigurationPlatforms) = postSolution
		{3085A5BD-E993-3C8C-D983-98EBA52980DE}.Debug|Any CPU.ActiveCfg = Debug|Any CPU
		{3085A5BD-E993-3C8C-D983-98EBA52980DE}.Debug|Any CPU.Build.0 = Debug|Any CPU
		{3085A5BD-E993-3C8C-D983-98EBA52980DE}.Release|Any CPU.ActiveCfg = Release|Any CPU
		{3085A5BD-E993-3C8C-D983-98EBA52980DE}.Release|Any CPU.Build.0 = Release|Any CPU
		{315810AD-06A1-C71E-BC2F-A1B3E47F0A72}.Debug|Any CPU.ActiveCfg = Debug|Any CPU
		{315810AD-06A1-C71E-BC2F-A1B3E47F0A72}.Debug|Any CPU.Build.0 = Debug|Any CPU
		{315810AD-06A1-C71E-BC2F-A1B3E47F0A72}.Release|Any CPU.ActiveCfg = Release|Any CPU
		{315810AD-06A1-C71E-BC2F-A1B3E47F0A72}.Release|Any CPU.Build.0 = Release|Any CPU
	EndGlobalSection
	GlobalSection(SolutionProperties) = preSolution
		HideSolutionNode = FALSE
	EndGlobalSection
EndGlobal
